<?xml version="1.0" encoding="utf-8"?>
<Project ToolsVersion="4.0" xmlns="http://schemas.microsoft.com/developer/msbuild/2003">
  <ItemGroup>
    <Filter Include="Source Files">
      <UniqueIdentifier>{04c09364-b70e-4b06-82eb-3bdd44f84d2f}</UniqueIdentifier>
      <Extensions>cpp;c;cxx;rc;def;r;odl;idl;hpj;bat</Extensions>
    </Filter>
    <Filter Include="Header Files">
      <UniqueIdentifier>{7a66c797-4e6b-4c8c-9d1b-154b0155c944}</UniqueIdentifier>
      <Extensions>h;hpp;hxx;hm;inl</Extensions>
    </Filter>
    <Filter Include="Resource Files">
      <UniqueIdentifier>{d33024d4-ae87-4b5c-8e7c-c2b96dbd3a84}</UniqueIdentifier>
      <Extensions>ico;cur;bmp;dlg;rc2;rct;bin;rgs;gif;jpg;jpeg;jpe</Extensions>
    </Filter>
  </ItemGroup>
  <ItemGroup>
    <ClCompile Include="HColorBar.cpp">
      <Filter>Source Files</Filter>
    </ClCompile>
    <ClCompile Include="HDraw.cpp">
      <Filter>Source Files</Filter>
    </ClCompile>
    <ClCompile Include="HDrawDoc.cpp">
      <Filter>Source Files</Filter>
    </ClCompile>
    <ClCompile Include="HDrawPView.cpp">
      <Filter>Source Files</Filter>
    </ClCompile>
    <ClCompile Include="HDrawView.cpp">
      <Filter>Source Files</Filter>
    </ClCompile>
    <ClCompile Include="HStroke.cpp">
      <Filter>Source Files</Filter>
    </ClCompile>
    <ClCompile Include="HStrokeEditDlg.cpp">
      <Filter>Source Files</Filter>
    </ClCompile>
    <ClCompile Include="HStrokeTextDlg.cpp">
      <Filter>Source Files</Filter>
    </ClCompile>
    <ClCompile Include="MainFrm.cpp">
      <Filter>Source Files</Filter>
    </ClCompile>
    <ClCompile Include="StdAfx.cpp">
      <Filter>Source Files</Filter>
    </ClCompile>
    <ClCompile Include="MyTestDialog.cpp">
      <Filter>Source Files</Filter>
    </ClCompile>
  </ItemGroup>
  <ItemGroup>
    <ResourceCompile Include="HDraw.rc">
      <Filter>Source Files</Filter>
    </ResourceCompile>
  </ItemGroup>
  <ItemGroup>
    <ClInclude Include="HColorBar.h">
      <Filter>Header Files</Filter>
    </ClInclude>
    <ClInclude Include="HDraw.h">
      <Filter>Header Files</Filter>
    </ClInclude>
    <ClInclude Include="HDrawDoc.h">
      <Filter>Header Files</Filter>
    </ClInclude>
    <ClInclude Include="HDrawPView.h">
      <Filter>Header Files</Filter>
    </ClInclude>
    <ClInclude Include="HDrawView.h">
      <Filter>Header Files</Filter>
    </ClInclude>
    <ClInclude Include="HStroke.h">
      <Filter>Header Files</Filter>
    </ClInclude>
    <ClInclude Include="HStrokeEdit.h">
      <Filter>Header Files</Filter>
    </ClInclude>
    <ClInclude Include="HStrokeEditDlg.h">
      <Filter>Header Files</Filter>
    </ClInclude>
    <ClInclude Include="HStrokeTextDlg.h">
      <Filter>Header Files</Filter>
    </ClInclude>
    <ClInclude Include="MainFrm.h">
      <Filter>Header Files</Filter>
    </ClInclude>
    <ClInclude Include="Resource.h">
      <Filter>Header Files</Filter>
    </ClInclude>
    <ClInclude Include="StdAfx.h">
      <Filter>Header Files</Filter>
    </ClInclude>
    <ClInclude Include="MyTestDialog.h">
      <Filter>Header Files</Filter>
    </ClInclude>
  </ItemGroup>
  <ItemGroup>
    <Image Include="res\bmp00001.bmp">
      <Filter>Resource Files</Filter>
    </Image>
    <Image Include="res\HDraw.ico">
      <Filter>Resource Files</Filter>
    </Image>
    <Image Include="res\HDrawDoc.ico">
      <Filter>Resource Files</Filter>
    </Image>
    <Image Include="res\ico00001.ico">
      <Filter>Resource Files</Filter>
    </Image>
    <Image Include="res\icon1.ico">
      <Filter>Resource Files</Filter>
    </Image>
    <Image Include="res\icon2.ico">
      <Filter>Resource Files</Filter>
    </Image>
    <Image Include="res\icon3.ico">
      <Filter>Resource Files</Filter>
    </Image>
    <Image Include="res\icon4.ico">
      <Filter>Resource Files</Filter>
    </Image>
    <Image Include="res\icon5.ico">
      <Filter>Resource Files</Filter>
    </Image>
    <Image Include="res\icon6.ico">
      <Filter>Resource Files</Filter>
    </Image>
    <Image Include="res\Toolbar.bmp">
      <Filter>Resource Files</Filter>
    </Image>
    <Image Include="res\toolbar1.bmp">
      <Filter>Resource Files</Filter>
    </Image>
    <Image Include="res\test.bmp">
      <Filter>Resource Files</Filter>
    </Image>
    <Image Include="C:\Users\Administrator\Desktop\球阀.bmp">
      <Filter>Resource Files</Filter>
    </Image>
    <Image Include="res\bitmap1.bmp">
      <Filter>Resource Files</Filter>
    </Image>
    <Image Include="C:\Users\Administrator\Desktop\qiufa.bmp">
      <Filter>Resource Files</Filter>
    </Image>
    <Image Include="res\1111.bmp">
      <Filter>Resource Files</Filter>
    </Image>
    <Image Include="res\qiufa.bmp">
      <Filter>Resource Files</Filter>
    </Image>
  </ItemGroup>
  <ItemGroup>
    <None Include="res\HDraw.rc2">
      <Filter>Resource Files</Filter>
    </None>
    <None Include="HDraw.reg" />
  </ItemGroup>
  <ItemGroup>
    <Text Include="ReadMe.txt" />
  </ItemGroup>
</Project>